
Microsoft Visual Studio Solution File, Format Version 12.00
# Visual Studio Version 16
VisualStudioVersion = 16.0.32413.511
MinimumVisualStudioVersion = 10.0.40219.1
Project("{FAE04EC0-301F-11D3-BF4B-00C04F79EFBC}") = "SC4ModManager", "SC4ModManager\SC4ModManager.csproj", "{76C318E7-8947-4A65-B892-D7A03B08AABC}"
EndProject
Global
	GlobalSection(SolutionConfigurationPlatforms) = preSolution
		Debug|Any CPU = Debug|Any CPU
		Release|Any CPU = Release|Any CPU
	EndGlobalSection
	GlobalSection(ProjectConfigurationPlatforms) = postSolution
		{76C318E7-8947-4A65-B892-D7A03B08AABC}.Debug|Any CPU.ActiveCfg = Debug|Any CPU
		{76C318E7-8947-4A65-B892-D7A03B08AABC}.Debug|Any CPU.Build.0 = Debug|Any CPU
		{76C318E7-8947-4A65-B892-D7A03B08AABC}.Release|Any CPU.ActiveCfg = Release|Any CPU
		{76C318E7-8947-4A65-B892-D7A03B08AABC}.Release|Any CPU.Build.0 = Release|Any CPU
	EndGlobalSection
	GlobalSection(SolutionProperties) = preSolution
		HideSolutionNode = FALSE
	EndGlobalSection
	GlobalSection(ExtensibilityGlobals) = postSolution
		SolutionGuid = {28CA5AA8-15E4-4359-98DC-D5B6AFECDA71}
	EndGlobalSection
EndGlobal
